
Microsoft Visual Studio Solution File, Format Version 12.00
# Visual Studio Version 17
VisualStudioVersion = 17.5.33414.496
MinimumVisualStudioVersion = 10.0.40219.1
Project("{FAE04EC0-301F-11D3-BF4B-00C04F79EFBC}") = "EcommerceBooksWeb", "EcommerceBooksWeb\EcommerceBooksWeb.csproj", "{27C1308E-9774-4762-A909-290F62659AE3}"
EndProject
Global
	GlobalSection(SolutionConfigurationPlatforms) = preSolution
		Debug|Any CPU = Debug|Any CPU
		Release|Any CPU = Release|Any CPU
	EndGlobalSection
	GlobalSection(ProjectConfigurationPlatforms) = postSolution
		{27C1308E-9774-4762-A909-290F62659AE3}.Debug|Any CPU.ActiveCfg = Debug|Any CPU
		{27C1308E-9774-4762-A909-290F62659AE3}.Debug|Any CPU.Build.0 = Debug|Any CPU
		{27C1308E-9774-4762-A909-290F62659AE3}.Release|Any CPU.ActiveCfg = Release|Any CPU
		{27C1308E-9774-4762-A909-290F62659AE3}.Release|Any CPU.Build.0 = Release|Any CPU
	EndGlobalSection
	GlobalSection(SolutionProperties) = preSolution
		HideSolutionNode = FALSE
	EndGlobalSection
	GlobalSection(ExtensibilityGlobals) = postSolution
		SolutionGuid = {F8789AA4-0F0A-4E99-AAD4-365D656F7D0E}
	EndGlobalSection
EndGlobal
